{
  "name": "codex-dialogue-manager",
  "version": "1.0.0",
  "lockfileVersion": 3,
  "requires": true,
  "packages": {
    "": {
      "name": "codex-dialogue-manager",
      "version": "1.0.0",
      "bin": {
        "codex-tools": "index.mjs"
      },
      "engines": {
        "node": ">=20"
      }
    }
  }
}
